// !$*UTF8*$!
{
	archiveVersion = 1;
	classes = {
	};
	objectVersion = 56;
	objects = {

/* Begin PBXBuildFile section */
		841ED94530630797005D7ED9 /* AppDelegate.swift in Sources */ = {isa = PBXBuildFile; fileRef = 841ED94430630797005D7ED9 /* AppDelegate.swift */; };
		841ED94730630797005D7ED9 /* SceneDelegate.swift in Sources */ = {isa = PBXBuildFile; fileRef = 841ED94630630797005D7ED9 /* SceneDelegate.swift */; };
		841ED94930630797005D7ED9 /* ViewController.swift in Sources */ = {isa = PBXBuildFile; fileRef = 841ED94830630797005D7ED9 /* ViewController.swift */; };
		841ED94C30630797005D7ED9 /* Main.storyboard in Resources */ = {isa = PBXBuildFile; fileRef = 841ED94A30630797005D7ED9 /* Main.storyboard */; };
		841ED94E3063079A005D7ED9 /* Assets.xcassets in Resources */ = {isa = PBXBuildFile; fileRef = 841ED94D3063079A005D7ED9 /* Assets.xcassets */; };
		841ED9513063079A005D7ED9 /* LaunchScreen.storyboard in Resources */ = {isa = PBXBuildFile; fileRef = 841ED94F3063079A005D7ED9 /* LaunchScreen.storyboard */; };
		841ED95C3063079B005D7ED9 /* DeadlineTrackerTests.swift in Sources */ = {isa = PBXBuildFile; fileRef = 841ED95B3063079B005D7ED9 /* DeadlineTrackerTests.swift */; };
		841ED9663063079B005D7ED9 /* DeadlineTrackerUITests.swift in Sources */ = {isa = PBXBuildFile; fileRef = 841ED9653063079B005D7ED9 /* DeadlineTrackerUITests.swift */; };
		841ED9683063079B005D7ED9 /* DeadlineTrackerUITestsLaunchTests.swift in Sources */ = {isa = PBXBuildFile; fileRef = 841ED9673063079B005D7ED9 /* DeadlineTrackerUITestsLaunchTests.swift */; };
		841ED9753063149B005D7ED9 /* Models.swift in Sources */ = {isa = PBXBuildFile; fileRef = 841ED9743063149B005D7ED9 /* Models.swift */; };
/* End PBXBuildFile section */

/* Begin PBXContainerItemProxy section */
		841ED9583063079B005D7ED9 /* PBXContainerItemProxy */ = {
			isa = PBXContainerItemProxy;
			containerPortal = 841ED93930630797005D7ED9 /* Project object */;
			proxyType = 1;
			remoteGlobalIDString = 841ED94030630797005D7ED9;
			remoteInfo = DeadlineTracker;
		};
		841ED9623063079B005D7ED9 /* PBXContainerItemProxy */ = {
			isa = PBXContainerItemProxy;
			containerPortal = 841ED93930630797005D7ED9 /* Project object */;
			proxyType = 1;
			remoteGlobalIDString = 841ED94030630797005D7ED9;
			remoteInfo = DeadlineTracker;
		};
/* End PBXContainerItemProxy section */

/* Begin PBXFileReference section */
		841ED94130630797005D7ED9 /* DeadlineTracker.app */ = {isa = PBXFileReference; explicitFileType = wrapper.application; includeInIndex = 0; path = DeadlineTracker.app; sourceTree = BUILT_PRODUCTS_DIR; };
		841ED94430630797005D7ED9 /* AppDelegate.swift */ = {isa = PBXFileReference; lastKnownFileType = sourcecode.swift; path = AppDelegate.swift; sourceTree = "<group>"; };
		841ED94630630797005D7ED9 /* SceneDelegate.swift */ = {isa = PBXFileReference; lastKnownFileType = sourcecode.swift; path = SceneDelegate.swift; sourceTree = "<group>"; };
		841ED94830630797005D7ED9 /* ViewController.swift */ = {isa = PBXFileReference; lastKnownFileType = sourcecode.swift; path = ViewController.swift; sourceTree = "<group>"; };
		841ED94B30630797005D7ED9 /* Base */ = {isa = PBXFileReference; lastKnownFileType = file.storyboard; name = Base; path = Base.lproj/Main.storyboard; sourceTree = "<group>"; };
		841ED94D3063079A005D7ED9 /* Assets.xcassets */ = {isa = PBXFileReference; lastKnownFileType = folder.assetcatalog; path = Assets.xcassets; sourceTree = "<group>"; };
		841ED9503063079A005D7ED9 /* Base */ = {isa = PBXFileReference; lastKnownFileType = file.storyboard; name = Base; path = Base.lproj/LaunchScreen.storyboard; sourceTree = "<group>"; };
		841ED9523063079A005D7ED9 /* Info.plist */ = {isa = PBXFileReference; lastKnownFileType = text.plist.xml; path = Info.plist; sourceTree = "<group>"; };
		841ED9573063079B005D7ED9 /* DeadlineTrackerTests.xctest */ = {isa = PBXFileReference; explicitFileType = wrapper.cfbundle; includeInIndex = 0; path = DeadlineTrackerTests.xctest; sourceTree = BUILT_PRODUCTS_DIR; };
		841ED95B3063079B005D7ED9 /* DeadlineTrackerTests.swift */ = {isa = PBXFileReference; lastKnownFileType = sourcecode.swift; path = DeadlineTrackerTests.swift; sourceTree = "<group>"; };
		841ED9613063079B005D7ED9 /* DeadlineTrackerUITests.xctest */ = {isa = PBXFileReference; explicitFileType = wrapper.cfbundle; includeInIndex = 0; path = DeadlineTrackerUITests.xctest; sourceTree = BUILT_PRODUCTS_DIR; };
		841ED9653063079B005D7ED9 /* DeadlineTrackerUITests.swift */ = {isa = PBXFileReference; lastKnownFileType = sourcecode.swift; path = DeadlineTrackerUITests.swift; sourceTree = "<group>"; };
		841ED9673063079B005D7ED9 /* DeadlineTrackerUITestsLaunchTests.swift */ = {isa = PBXFileReference; lastKnownFileType = sourcecode.swift; path = DeadlineTrackerUITestsLaunchTests.swift; sourceTree = "<group>"; };
		841ED9743063149B005D7ED9 /* Models.swift */ = {isa = PBXFileReference; lastKnownFileType = sourcecode.swift; path = Models.swift; sourceTree = "<group>"; };
		841ED976306314CF005D7ED9 /* README.md */ = {isa = PBXFileReference; lastKnownFileType = net.daringfireball.markdown; path = README.md; sourceTree = "<group>"; };
/* End PBXFileReference section */

/* Begin PBXFrameworksBuildPhase section */
		841ED93E30630797005D7ED9 /* Frameworks */ = {
			isa = PBXFrameworksBuildPhase;
			buildActionMask = 2147483647;
			files = (
			);
			runOnlyForDeploymentPostprocessing = 0;
		};
		841ED9543063079B005D7ED9 /* Frameworks */ = {
			isa = PBXFrameworksBuildPhase;
			buildActionMask = 2147483647;
			files = (
			);
			runOnlyForDeploymentPostprocessing = 0;
		};
		841ED95E3063079B005D7ED9 /* Frameworks */ = {
			isa = PBXFrameworksBuildPhase;
			buildActionMask = 2147483647;
			files = (
			);
			runOnlyForDeploymentPostprocessing = 0;
		};
/* End PBXFrameworksBuildPhase section */

/* Begin PBXGroup section */
		841ED93830630797005D7ED9 = {
			isa = PBXGroup;
			children = (
				841ED94330630797005D7ED9 /* DeadlineTracker */,
				841ED95A3063079B005D7ED9 /* DeadlineTrackerTests */,
				841ED9643063079B005D7ED9 /* DeadlineTrackerUITests */,
				841ED94230630797005D7ED9 /* Products */,
			);
			sourceTree = "<group>";
		};
		841ED94230630797005D7ED9 /* Products */ = {
			isa = PBXGroup;
			children = (
				841ED94130630797005D7ED9 /* DeadlineTracker.app */,
				841ED9573063079B005D7ED9 /* DeadlineTrackerTests.xctest */,
				841ED9613063079B005D7ED9 /* DeadlineTrackerUITests.xctest */,
			);
			name = Products;
			sourceTree = "<group>";
		};
		841ED94330630797005D7ED9 /* DeadlineTracker */ = {
			isa = PBXGroup;
			children = (
				841ED94430630797005D7ED9 /* AppDelegate.swift */,
				841ED94630630797005D7ED9 /* SceneDelegate.swift */,
				841ED94830630797005D7ED9 /* ViewController.swift */,
				841ED94A30630797005D7ED9 /* Main.storyboard */,
				841ED94D3063079A005D7ED9 /* Assets.xcassets */,
				841ED94F3063079A005D7ED9 /* LaunchScreen.storyboard */,
				841ED9523063079A005D7ED9 /* Info.plist */,
				841ED9743063149B005D7ED9 /* Models.swift */,
				841ED976306314CF005D7ED9 /* README.md */,
			);
			path = DeadlineTracker;
			sourceTree = "<group>";
		};
		841ED95A3063079B005D7ED9 /* DeadlineTrackerTests */ = {
			isa = PBXGroup;
			children = (
				841ED95B3063079B005D7ED9 /* DeadlineTrackerTests.swift */,
			);
			path = DeadlineTrackerTests;
			sourceTree = "<group>";
		};
		841ED9643063079B005D7ED9 /* DeadlineTrackerUITests */ = {
			isa = PBXGroup;
			children = (
				841ED9653063079B005D7ED9 /* DeadlineTrackerUITests.swift */,
				841ED9673063079B005D7ED9 /* DeadlineTrackerUITestsLaunchTests.swift */,
			);
			path = DeadlineTrackerUITests;
			sourceTree = "<group>";
		};
/* End PBXGroup section */

/* Begin PBXNativeTarget section */
		841ED94030630797005D7ED9 /* DeadlineTracker */ = {
			isa = PBXNativeTarget;
			buildConfigurationList = 841ED96B3063079B005D7ED9 /* Build configuration list for PBXNativeTarget "DeadlineTracker" */;
			buildPhases = (
				841ED93D30630797005D7ED9 /* Sources */,
				841ED93E30630797005D7ED9 /* Frameworks */,
				841ED93F30630797005D7ED9 /* Resources */,
			);
			buildRules = (
			);
			dependencies = (
			);
			name = DeadlineTracker;
			productName = DeadlineTracker;
			productReference = 841ED94130630797005D7ED9 /* DeadlineTracker.app */;
			productType = "com.apple.product-type.application";
		};
		841ED9563063079B005D7ED9 /* DeadlineTrackerTests */ = {
			isa = PBXNativeTarget;
			buildConfigurationList = 841ED96E3063079B005D7ED9 /* Build configuration list for PBXNativeTarget "DeadlineTrackerTests" */;
			buildPhases = (
				841ED9533063079B005D7ED9 /* Sources */,
				841ED9543063079B005D7ED9 /* Frameworks */,
				841ED9553063079B005D7ED9 /* Resources */,
			);
			buildRules = (
			);
			dependencies = (
				841ED9593063079B005D7ED9 /* PBXTargetDependency */,
			);
			name = DeadlineTrackerTests;
			productName = DeadlineTrackerTests;
			productReference = 841ED9573063079B005D7ED9 /* DeadlineTrackerTests.xctest */;
			productType = "com.apple.product-type.bundle.unit-test";
		};
		841ED9603063079B005D7ED9 /* DeadlineTrackerUITests */ = {
			isa = PBXNativeTarget;
			buildConfigurationList = 841ED9713063079B005D7ED9 /* Build configuration list for PBXNativeTarget "DeadlineTrackerUITests" */;
			buildPhases = (
				841ED95D3063079B005D7ED9 /* Sources */,
				841ED95E3063079B005D7ED9 /* Frameworks */,
				841ED95F3063079B005D7ED9 /* Resources */,
			);
			buildRules = (
			);
			dependencies = (
				841ED9633063079B005D7ED9 /* PBXTargetDependency */,
			);
			name = DeadlineTrackerUITests;
			productName = DeadlineTrackerUITests;
			productReference = 841ED9613063079B005D7ED9 /* DeadlineTrackerUITests.xctest */;
			productType = "com.apple.product-type.bundle.ui-testing";
		};
/* End PBXNativeTarget section */

/* Begin PBXProject section */
		841ED93930630797005D7ED9 /* Project object */ = {
			isa = PBXProject;
			attributes = {
				BuildIndependentTargetsInParallel = 1;
				LastSwiftUpdateCheck = 1420;
				LastUpgradeCheck = 1420;
				TargetAttributes = {
					841ED94030630797005D7ED9 = {
						CreatedOnToolsVersion = 14.2;
					};
					841ED9563063079B005D7ED9 = {
						CreatedOnToolsVersion = 14.2;
						TestTargetID = 841ED94030630797005D7ED9;
					};
					841ED9603063079B005D7ED9 = {
						CreatedOnToolsVersion = 14.2;
						TestTargetID = 841ED94030630797005D7ED9;
					};
				};
			};
			buildConfigurationList = 841ED93C30630797005D7ED9 /* Build configuration list for PBXProject "DeadlineTracker" */;
			compatibilityVersion = "Xcode 14.0";
			developmentRegion = en;
			hasScannedForEncodings = 0;
			knownRegions = (
				en,
				Base,
			);
			mainGroup = 841ED93830630797005D7ED9;
			productRefGroup = 841ED94230630797005D7ED9 /* Products */;
			projectDirPath = "";
			projectRoot = "";
			targets = (
				841ED94030630797005D7ED9 /* DeadlineTracker */,
				841ED9563063079B005D7ED9 /* DeadlineTrackerTests */,
				841ED9603063079B005D7ED9 /* DeadlineTrackerUITests */,
			);
		};
/* End PBXProject section */

/* Begin PBXResourcesBuildPhase section */
		841ED93F30630797005D7ED9 /* Resources */ = {
			isa = PBXResourcesBuildPhase;
			buildActionMask = 2147483647;
			files = (
				841ED9513063079A005D7ED9 /* LaunchScreen.storyboard in Resources */,
				841ED94E3063079A005D7ED9 /* Assets.xcassets in Resources */,
				841ED94C30630797005D7ED9 /* Main.storyboard in Resources */,
			);
			runOnlyForDeploymentPostprocessing = 0;
		};
		841ED9553063079B005D7ED9 /* Resources */ = {
			isa = PBXResourcesBuildPhase;
			buildActionMask = 2147483647;
			files = (
			);
			runOnlyForDeploymentPostprocessing = 0;
		};
		841ED95F3063079B005D7ED9 /* Resources */ = {
			isa = PBXResourcesBuildPhase;
			buildActionMask = 2147483647;
			files = (
			);
			runOnlyForDeploymentPostprocessing = 0;
		};
/* End PBXResourcesBuildPhase section */

/* Begin PBXSourcesBuildPhase section */
		841ED93D30630797005D7ED9 /* Sources */ = {
			isa = PBXSourcesBuildPhase;
			buildActionMask = 2147483647;
			files = (
				841ED94930630797005D7ED9 /* ViewController.swift in Sources */,
				841ED94530630797005D7ED9 /* AppDelegate.swift in Sources */,
				841ED94730630797005D7ED9 /* SceneDelegate.swift in Sources */,
				841ED9753063149B005D7ED9 /* Models.swift in Sources */,
			);
			runOnlyForDeploymentPostprocessing = 0;
		};
		841ED9533063079B005D7ED9 /* Sources */ = {
			isa = PBXSourcesBuildPhase;
			buildActionMask = 2147483647;
			files = (
				841ED95C3063079B005D7ED9 /* DeadlineTrackerTests.swift in Sources */,
			);
			runOnlyForDeploymentPostprocessing = 0;
		};
		841ED95D3063079B005D7ED9 /* Sources */ = {
			isa = PBXSourcesBuildPhase;
			buildActionMask = 2147483647;
			files = (
				841ED9663063079B005D7ED9 /* DeadlineTrackerUITests.swift in Sources */,
				841ED9683063079B005D7ED9 /* DeadlineTrackerUITestsLaunchTests.swift in Sources */,
			);
			runOnlyForDeploymentPostprocessing = 0;
		};
/* End PBXSourcesBuildPhase section */

/* Begin PBXTargetDependency section */
		841ED9593063079B005D7ED9 /* PBXTargetDependency */ = {
			isa = PBXTargetDependency;
			target = 841ED94030630797005D7ED9 /* DeadlineTracker */;
			targetProxy = 841ED9583063079B005D7ED9 /* PBXContainerItemProxy */;
		};
		841ED9633063079B005D7ED9 /* PBXTargetDependency */ = {
			isa = PBXTargetDependency;
			target = 841ED94030630797005D7ED9 /* DeadlineTracker */;
			targetProxy = 841ED9623063079B005D7ED9 /* PBXContainerItemProxy */;
		};
/* End PBXTargetDependency section */

/* Begin PBXVariantGroup section */
		841ED94A30630797005D7ED9 /* Main.storyboard */ = {
			isa = PBXVariantGroup;
			children = (
				841ED94B30630797005D7ED9 /* Base */,
			);
			name = Main.storyboard;
			sourceTree = "<group>";
		};
		841ED94F3063079A005D7ED9 /* LaunchScreen.storyboard */ = {
			isa = PBXVariantGroup;
			children = (
				841ED9503063079A005D7ED9 /* Base */,
			);
			name = LaunchScreen.storyboard;
			sourceTree = "<group>";
		};
/* End PBXVariantGroup section */

/* Begin XCBuildConfiguration section */
		841ED9693063079B005D7ED9 /* Debug */ = {
			isa = XCBuildConfiguration;
			buildSettings = {
				ALWAYS_SEARCH_USER_PATHS = NO;
				CLANG_ANALYZER_NONNULL = YES;
				CLANG_ANALYZER_NUMBER_OBJECT_CONVERSION = YES_AGGRESSIVE;
				CLANG_CXX_LANGUAGE_STANDARD = "gnu++20";
				CLANG_ENABLE_MODULES = YES;
				CLANG_ENABLE_OBJC_ARC = YES;
				CLANG_ENABLE_OBJC_WEAK = YES;
				CLANG_WARN_BLOCK_CAPTURE_AUTORELEASING = YES;
				CLANG_WARN_BOOL_CONVERSION = YES;
				CLANG_WARN_COMMA = YES;
				CLANG_WARN_CONSTANT_CONVERSION = YES;
				CLANG_WARN_DEPRECATED_OBJC_IMPLEMENTATIONS = YES;
				CLANG_WARN_DIRECT_OBJC_ISA_USAGE = YES_ERROR;
				CLANG_WARN_DOCUMENTATION_COMMENTS = YES;
				CLANG_WARN_EMPTY_BODY = YES;
				CLANG_WARN_ENUM_CONVERSION = YES;
				CLANG_WARN_INFINITE_RECURSION = YES;
				CLANG_WARN_INT_CONVERSION = YES;
				CLANG_WARN_NON_LITERAL_NULL_CONVERSION = YES;
				CLANG_WARN_OBJC_IMPLICIT_RETAIN_SELF = YES;
				CLANG_WARN_OBJC_LITERAL_CONVERSION = YES;
				CLANG_WARN_OBJC_ROOT_CLASS = YES_ERROR;
				CLANG_WARN_QUOTED_INCLUDE_IN_FRAMEWORK_HEADER = YES;
				CLANG_WARN_RANGE_LOOP_ANALYSIS = YES;
				CLANG_WARN_STRICT_PROTOTYPES = YES;
				CLANG_WARN_SUSPICIOUS_MOVE = YES;
				CLANG_WARN_UNGUARDED_AVAILABILITY = YES_AGGRESSIVE;
				CLANG_WARN_UNREACHABLE_CODE = YES;
				CLANG_WARN__DUPLICATE_METHOD_MATCH = YES;
				COPY_PHASE_STRIP = NO;
				DEBUG_INFORMATION_FORMAT = dwarf;
				ENABLE_STRICT_OBJC_MSGSEND = YES;
				ENABLE_TESTABILITY = YES;
				GCC_C_LANGUAGE_STANDARD = gnu11;
				GCC_DYNAMIC_NO_PIC = NO;
				GCC_NO_COMMON_BLOCKS = YES;
				GCC_OPTIMIZATION_LEVEL = 0;
				GCC_PREPROCESSOR_DEFINITIONS = (
					"DEBUG=1",
					"$(inherited)",
				);
				GCC_WARN_64_TO_32_BIT_CONVERSION = YES;
				GCC_WARN_ABOUT_RETURN_TYPE = YES_ERROR;
				GCC_WARN_UNDECLARED_SELECTOR = YES;
				GCC_WARN_UNINITIALIZED_AUTOS = YES_AGGRESSIVE;
				GCC_WARN_UNUSED_FUNCTION = YES;
				GCC_WARN_UNUSED_VARIABLE = YES;
				IPHONEOS_DEPLOYMENT_TARGET = 16.2;
				MTL_ENABLE_DEBUG_INFO = INCLUDE_SOURCE;
				MTL_FAST_MATH = YES;
				ONLY_ACTIVE_ARCH = YES;
				SDKROOT = iphoneos;
				SWIFT_ACTIVE_COMPILATION_CONDITIONS = DEBUG;
				SWIFT_OPTIMIZATION_LEVEL = "-Onone";
			};
			name = Debug;
		};
		841ED96A3063079B005D7ED9 /* Release */ = {
			isa = XCBuildConfiguration;
			buildSettings = {
				ALWAYS_SEARCH_USER_PATHS = NO;
				CLANG_ANALYZER_NONNULL = YES;
				CLANG_ANALYZER_NUMBER_OBJECT_CONVERSION = YES_AGGRESSIVE;
				CLANG_CXX_LANGUAGE_STANDARD = "gnu++20";
				CLANG_ENABLE_MODULES = YES;
				CLANG_ENABLE_OBJC_ARC = YES;
				CLANG_ENABLE_OBJC_WEAK = YES;
				CLANG_WARN_BLOCK_CAPTURE_AUTORELEASING = YES;
				CLANG_WARN_BOOL_CONVERSION = YES;
				CLANG_WARN_COMMA = YES;
				CLANG_WARN_CONSTANT_CONVERSION = YES;
				CLANG_WARN_DEPRECATED_OBJC_IMPLEMENTATIONS = YES;
				CLANG_WARN_DIRECT_OBJC_ISA_USAGE = YES_ERROR;
				CLANG_WARN_DOCUMENTATION_COMMENTS = YES;
				CLANG_WARN_EMPTY_BODY = YES;
				CLANG_WARN_ENUM_CONVERSION = YES;
				CLANG_WARN_INFINITE_RECURSION = YES;
				CLANG_WARN_INT_CONVERSION = YES;
				CLANG_WARN_NON_LITERAL_NULL_CONVERSION = YES;
				CLANG_WARN_OBJC_IMPLICIT_RETAIN_SELF = YES;
				CLANG_WARN_OBJC_LITERAL_CONVERSION = YES;
				CLANG_WARN_OBJC_ROOT_CLASS = YES_ERROR;
				CLANG_WARN_QUOTED_INCLUDE_IN_FRAMEWORK_HEADER = YES;
				CLANG_WARN_RANGE_LOOP_ANALYSIS = YES;
				CLANG_WARN_STRICT_PROTOTYPES = YES;
				CLANG_WARN_SUSPICIOUS_MOVE = YES;
				CLANG_WARN_UNGUARDED_AVAILABILITY = YES_AGGRESSIVE;
				CLANG_WARN_UNREACHABLE_CODE = YES;
				CLANG_WARN__DUPLICATE_METHOD_MATCH = YES;
				COPY_PHASE_STRIP = NO;
				DEBUG_INFORMATION_FORMAT = "dwarf-with-dsym";
				ENABLE_NS_ASSERTIONS = NO;
				ENABLE_STRICT_OBJC_MSGSEND = YES;
				GCC_C_LANGUAGE_STANDARD = gnu11;
				GCC_NO_COMMON_BLOCKS = YES;
				GCC_WARN_64_TO_32_BIT_CONVERSION = YES;
				GCC_WARN_ABOUT_RETURN_TYPE = YES_ERROR;
				GCC_WARN_UNDECLARED_SELECTOR = YES;
				GCC_WARN_UNINITIALIZED_AUTOS = YES_AGGRESSIVE;
				GCC_WARN_UNUSED_FUNCTION = YES;
				GCC_WARN_UNUSED_VARIABLE = YES;
				IPHONEOS_DEPLOYMENT_TARGET = 16.2;
				MTL_ENABLE_DEBUG_INFO = NO;
				MTL_FAST_MATH = YES;
				SDKROOT = iphoneos;
				SWIFT_COMPILATION_MODE = wholemodule;
				SWIFT_OPTIMIZATION_LEVEL = "-O";
				VALIDATE_PRODUCT = YES;
			};
			name = Release;
		};
		841ED96C3063079B005D7ED9 /* Debug */ = {
			isa = XCBuildConfiguration;
			buildSettings = {
				ASSETCATALOG_COMPILER_APPICON_NAME = AppIcon;
				ASSETCATALOG_COMPILER_GLOBAL_ACCENT_COLOR_NAME = AccentColor;
				CODE_SIGN_STYLE = Automatic;
				CURRENT_PROJECT_VERSION = 1;
				GENERATE_INFOPLIST_FILE = YES;
				INFOPLIST_FILE = DeadlineTracker/Info.plist;
				INFOPLIST_KEY_UIApplicationSupportsIndirectInputEvents = YES;
				INFOPLIST_KEY_UILaunchStoryboardName = LaunchScreen;
				INFOPLIST_KEY_UIMainStoryboardFile = Main;
				INFOPLIST_KEY_UISupportedInterfaceOrientations_iPad = "UIInterfaceOrientationPortrait UIInterfaceOrientationPortraitUpsideDown UIInterfaceOrientationLandscapeLeft UIInterfaceOrientationLandscapeRight";
				INFOPLIST_KEY_UISupportedInterfaceOrientations_iPhone = "UIInterfaceOrientationPortrait UIInterfaceOrientationLandscapeLeft UIInterfaceOrientationLandscapeRight";
				LD_RUNPATH_SEARCH_PATHS = (
					"$(inherited)",
					"@executable_path/Frameworks",
				);
				MARKETING_VERSION = 1.0;
				PRODUCT_BUNDLE_IDENTIFIER = com.student.DeadlineTracker;
				PRODUCT_NAME = "$(TARGET_NAME)";
				SWIFT_EMIT_LOC_STRINGS = YES;
				SWIFT_VERSION = 5.0;
				TARGETED_DEVICE_FAMILY = "1,2";
			};
			name = Debug;
		};
		841ED96D3063079B005D7ED9 /* Release */ = {
			isa = XCBuildConfiguration;
			buildSettings = {
				ASSETCATALOG_COMPILER_APPICON_NAME = AppIcon;
				ASSETCATALOG_COMPILER_GLOBAL_ACCENT_COLOR_NAME = AccentColor;
				CODE_SIGN_STYLE = Automatic;
				CURRENT_PROJECT_VERSION = 1;
				GENERATE_INFOPLIST_FILE = YES;
				INFOPLIST_FILE = DeadlineTracker/Info.plist;
				INFOPLIST_KEY_UIApplicationSupportsIndirectInputEvents = YES;
				INFOPLIST_KEY_UILaunchStoryboardName = LaunchScreen;
				INFOPLIST_KEY_UIMainStoryboardFile = Main;
				INFOPLIST_KEY_UISupportedInterfaceOrientations_iPad = "UIInterfaceOrientationPortrait UIInterfaceOrientationPortraitUpsideDown UIInterfaceOrientationLandscapeLeft UIInterfaceOrientationLandscapeRight";
				INFOPLIST_KEY_UISupportedInterfaceOrientations_iPhone = "UIInterfaceOrientationPortrait UIInterfaceOrientationLandscapeLeft UIInterfaceOrientationLandscapeRight";
				LD_RUNPATH_SEARCH_PATHS = (
					"$(inherited)",
					"@executable_path/Frameworks",
				);
				MARKETING_VERSION = 1.0;
				PRODUCT_BUNDLE_IDENTIFIER = com.student.DeadlineTracker;
				PRODUCT_NAME = "$(TARGET_NAME)";
				SWIFT_EMIT_LOC_STRINGS = YES;
				SWIFT_VERSION = 5.0;
				TARGETED_DEVICE_FAMILY = "1,2";
			};
			name = Release;
		};
		841ED96F3063079B005D7ED9 /* Debug */ = {
			isa = XCBuildConfiguration;
			buildSettings = {
				ALWAYS_EMBED_SWIFT_STANDARD_LIBRARIES = YES;
				BUNDLE_LOADER = "$(TEST_HOST)";
				CODE_SIGN_STYLE = Automatic;
				CURRENT_PROJECT_VERSION = 1;
				GENERATE_INFOPLIST_FILE = YES;
				IPHONEOS_DEPLOYMENT_TARGET = 16.2;
				MARKETING_VERSION = 1.0;
				PRODUCT_BUNDLE_IDENTIFIER = com.student.DeadlineTrackerTests;
				PRODUCT_NAME = "$(TARGET_NAME)";
				SWIFT_EMIT_LOC_STRINGS = NO;
				SWIFT_VERSION = 5.0;
				TARGETED_DEVICE_FAMILY = "1,2";
				TEST_HOST = "$(BUILT_PRODUCTS_DIR)/DeadlineTracker.app/$(BUNDLE_EXECUTABLE_FOLDER_PATH)/DeadlineTracker";
			};
			name = Debug;
		};
		841ED9703063079B005D7ED9 /* Release */ = {
			isa = XCBuildConfiguration;
			buildSettings = {
				ALWAYS_EMBED_SWIFT_STANDARD_LIBRARIES = YES;
				BUNDLE_LOADER = "$(TEST_HOST)";
				CODE_SIGN_STYLE = Automatic;
				CURRENT_PROJECT_VERSION = 1;
				GENERATE_INFOPLIST_FILE = YES;
				IPHONEOS_DEPLOYMENT_TARGET = 16.2;
				MARKETING_VERSION = 1.0;
				PRODUCT_BUNDLE_IDENTIFIER = com.student.DeadlineTrackerTests;
				PRODUCT_NAME = "$(TARGET_NAME)";
				SWIFT_EMIT_LOC_STRINGS = NO;
				SWIFT_VERSION = 5.0;
				TARGETED_DEVICE_FAMILY = "1,2";
				TEST_HOST = "$(BUILT_PRODUCTS_DIR)/DeadlineTracker.app/$(BUNDLE_EXECUTABLE_FOLDER_PATH)/DeadlineTracker";
			};
			name = Release;
		};
		841ED9723063079B005D7ED9 /* Debug */ = {
			isa = XCBuildConfiguration;
			buildSettings = {
				ALWAYS_EMBED_SWIFT_STANDARD_LIBRARIES = YES;
				CODE_SIGN_STYLE = Automatic;
				CURRENT_PROJECT_VERSION = 1;
				GENERATE_INFOPLIST_FILE = YES;
				MARKETING_VERSION = 1.0;
				PRODUCT_BUNDLE_IDENTIFIER = com.student.DeadlineTrackerUITests;
				PRODUCT_NAME = "$(TARGET_NAME)";
				SWIFT_EMIT_LOC_STRINGS = NO;
				SWIFT_VERSION = 5.0;
				TARGETED_DEVICE_FAMILY = "1,2";
				TEST_TARGET_NAME = DeadlineTracker;
			};
			name = Debug;
		};
		841ED9733063079B005D7ED9 /* Release */ = {
			isa = XCBuildConfiguration;
			buildSettings = {
				ALWAYS_EMBED_SWIFT_STANDARD_LIBRARIES = YES;
				CODE_SIGN_STYLE = Automatic;
				CURRENT_PROJECT_VERSION = 1;
				GENERATE_INFOPLIST_FILE = YES;
				MARKETING_VERSION = 1.0;
				PRODUCT_BUNDLE_IDENTIFIER = com.student.DeadlineTrackerUITests;
				PRODUCT_NAME = "$(TARGET_NAME)";
				SWIFT_EMIT_LOC_STRINGS = NO;
				SWIFT_VERSION = 5.0;
				TARGETED_DEVICE_FAMILY = "1,2";
				TEST_TARGET_NAME = DeadlineTracker;
			};
			name = Release;
		};
/* End XCBuildConfiguration section */

/* Begin XCConfigurationList section */
		841ED93C30630797005D7ED9 /* Build configuration list for PBXProject "DeadlineTracker" */ = {
			isa = XCConfigurationList;
			buildConfigurations = (
				841ED9693063079B005D7ED9 /* Debug */,
				841ED96A3063079B005D7ED9 /* Release */,
			);
			defaultConfigurationIsVisible = 0;
			defaultConfigurationName = Release;
		};
		841ED96B3063079B005D7ED9 /* Build configuration list for PBXNativeTarget "DeadlineTracker" */ = {
			isa = XCConfigurationList;
			buildConfigurations = (
				841ED96C3063079B005D7ED9 /* Debug */,
				841ED96D3063079B005D7ED9 /* Release */,
			);
			defaultConfigurationIsVisible = 0;
			defaultConfigurationName = Release;
		};
		841ED96E3063079B005D7ED9 /* Build configuration list for PBXNativeTarget "DeadlineTrackerTests" */ = {
			isa = XCConfigurationList;
			buildConfigurations = (
				841ED96F3063079B005D7ED9 /* Debug */,
				841ED9703063079B005D7ED9 /* Release */,
			);
			defaultConfigurationIsVisible = 0;
			defaultConfigurationName = Release;
		};
		841ED9713063079B005D7ED9 /* Build configuration list for PBXNativeTarget "DeadlineTrackerUITests" */ = {
			isa = XCConfigurationList;
			buildConfigurations = (
				841ED9723063079B005D7ED9 /* Debug */,
				841ED9733063079B005D7ED9 /* Release */,
			);
			defaultConfigurationIsVisible = 0;
			defaultConfigurationName = Release;
		};
/* End XCConfigurationList section */
	};
	rootObject = 841ED93930630797005D7ED9 /* Project object */;
}
